// !$*UTF8*$!
{
	archiveVersion = 1;
	classes = {
	};
	objectVersion = 46;
	objects = {

/* Begin PBXBuildFile section */
		66A1C3791CD669DF00268055 /* AppDelegate.swift in Sources */ = {isa = PBXBuildFile; fileRef = 66A1C3781CD669DF00268055 /* AppDelegate.swift */; };
		66A1C37B1CD669DF00268055 /* MasterViewController.swift in Sources */ = {isa = PBXBuildFile; fileRef = 66A1C37A1CD669DF00268055 /* MasterViewController.swift */; };
		66A1C37D1CD669DF00268055 /* DetailViewController.swift in Sources */ = {isa = PBXBuildFile; fileRef = 66A1C37C1CD669DF00268055 /* DetailViewController.swift */; };
		66A1C3801CD669DF00268055 /* Main.storyboard in Resources */ = {isa = PBXBuildFile; fileRef = 66A1C37E1CD669DF00268055 /* Main.storyboard */; };
		66A1C3821CD669DF00268055 /* Assets.xcassets in Resources */ = {isa = PBXBuildFile; fileRef = 66A1C3811CD669DF00268055 /* Assets.xcassets */; };
		66A1C3851CD669DF00268055 /* LaunchScreen.storyboard in Resources */ = {isa = PBXBuildFile; fileRef = 66A1C3831CD669DF00268055 /* LaunchScreen.storyboard */; };
		66A1C3901CD669DF00268055 /* Adam_TestingTests.swift in Sources */ = {isa = PBXBuildFile; fileRef = 66A1C38F1CD669DF00268055 /* Adam_TestingTests.swift */; };
		66A1C39B1CD669DF00268055 /* Adam_TestingUITests.swift in Sources */ = {isa = PBXBuildFile; fileRef = 66A1C39A1CD669DF00268055 /* Adam_TestingUITests.swift */; };
/* End PBXBuildFile section */

/* Begin PBXContainerItemProxy section */
		66A1C38C1CD669DF00268055 /* PBXContainerItemProxy */ = {
			isa = PBXContainerItemProxy;
			containerPortal = 66A1C36D1CD669DF00268055 /* Project object */;
			proxyType = 1;
			remoteGlobalIDString = 66A1C3741CD669DF00268055;
			remoteInfo = "Adam Testing";
		};
		66A1C3971CD669DF00268055 /* PBXContainerItemProxy */ = {
			isa = PBXContainerItemProxy;
			containerPortal = 66A1C36D1CD669DF00268055 /* Project object */;
			proxyType = 1;
			remoteGlobalIDString = 66A1C3741CD669DF00268055;
			remoteInfo = "Adam Testing";
		};
/* End PBXContainerItemProxy section */

/* Begin PBXFileReference section */
		66A1C3751CD669DF00268055 /* Adam Testing.app */ = {isa = PBXFileReference; explicitFileType = wrapper.application; includeInIndex = 0; path = "Adam Testing.app"; sourceTree = BUILT_PRODUCTS_DIR; };
		66A1C3781CD669DF00268055 /* AppDelegate.swift */ = {isa = PBXFileReference; lastKnownFileType = sourcecode.swift; path = AppDelegate.swift; sourceTree = "<group>"; };
		66A1C37A1CD669DF00268055 /* MasterViewController.swift */ = {isa = PBXFileReference; lastKnownFileType = sourcecode.swift; path = MasterViewController.swift; sourceTree = "<group>"; };
		66A1C37C1CD669DF00268055 /* DetailViewController.swift */ = {isa = PBXFileReference; lastKnownFileType = sourcecode.swift; path = DetailViewController.swift; sourceTree = "<group>"; };
		66A1C37F1CD669DF00268055 /* Base */ = {isa = PBXFileReference; lastKnownFileType = file.storyboard; name = Base; path = Base.lproj/Main.storyboard; sourceTree = "<group>"; };
		66A1C3811CD669DF00268055 /* Assets.xcassets */ = {isa = PBXFileReference; lastKnownFileType = folder.assetcatalog; path = Assets.xcassets; sourceTree = "<group>"; };
		66A1C3841CD669DF00268055 /* Base */ = {isa = PBXFileReference; lastKnownFileType = file.storyboard; name = Base; path = Base.lproj/LaunchScreen.storyboard; sourceTree = "<group>"; };
		66A1C3861CD669DF00268055 /* Info.plist */ = {isa = PBXFileReference; lastKnownFileType = text.plist.xml; path = Info.plist; sourceTree = "<group>"; };
		66A1C38B1CD669DF00268055 /* Adam TestingTests.xctest */ = {isa = PBXFileReference; explicitFileType = wrapper.cfbundle; includeInIndex = 0; path = "Adam TestingTests.xctest"; sourceTree = BUILT_PRODUCTS_DIR; };
		66A1C38F1CD669DF00268055 /* Adam_TestingTests.swift */ = {isa = PBXFileReference; lastKnownFileType = sourcecode.swift; path = Adam_TestingTests.swift; sourceTree = "<group>"; };
		66A1C3911CD669DF00268055 /* Info.plist */ = {isa = PBXFileReference; lastKnownFileType = text.plist.xml; path = Info.plist; sourceTree = "<group>"; };
		66A1C3961CD669DF00268055 /* Adam TestingUITests.xctest */ = {isa = PBXFileReference; explicitFileType = wrapper.cfbundle; includeInIndex = 0; path = "Adam TestingUITests.xctest"; sourceTree = BUILT_PRODUCTS_DIR; };
		66A1C39A1CD669DF00268055 /* Adam_TestingUITests.swift */ = {isa = PBXFileReference; lastKnownFileType = sourcecode.swift; path = Adam_TestingUITests.swift; sourceTree = "<group>"; };
		66A1C39C1CD669DF00268055 /* Info.plist */ = {isa = PBXFileReference; lastKnownFileType = text.plist.xml; path = Info.plist; sourceTree = "<group>"; };
/* End PBXFileReference section */

/* Begin PBXFrameworksBuildPhase section */
		66A1C3721CD669DF00268055 /* Frameworks */ = {
			isa = PBXFrameworksBuildPhase;
			buildActionMask = 2147483647;
			files = (
			);
			runOnlyForDeploymentPostprocessing = 0;
		};
		66A1C3881CD669DF00268055 /* Frameworks */ = {
			isa = PBXFrameworksBuildPhase;
			buildActionMask = 2147483647;
			files = (
			);
			runOnlyForDeploymentPostprocessing = 0;
		};
		66A1C3931CD669DF00268055 /* Frameworks */ = {
			isa = PBXFrameworksBuildPhase;
			buildActionMask = 2147483647;
			files = (
			);
			runOnlyForDeploymentPostprocessing = 0;
		};
/* End PBXFrameworksBuildPhase section */

/* Begin PBXGroup section */
		66A1C36C1CD669DF00268055 = {
			isa = PBXGroup;
			children = (
				66A1C3771CD669DF00268055 /* Adam Testing */,
				66A1C38E1CD669DF00268055 /* Adam TestingTests */,
				66A1C3991CD669DF00268055 /* Adam TestingUITests */,
				66A1C3761CD669DF00268055 /* Products */,
			);
			sourceTree = "<group>";
		};
		66A1C3761CD669DF00268055 /* Products */ = {
			isa = PBXGroup;
			children = (
				66A1C3751CD669DF00268055 /* Adam Testing.app */,
				66A1C38B1CD669DF00268055 /* Adam TestingTests.xctest */,
				66A1C3961CD669DF00268055 /* Adam TestingUITests.xctest */,
			);
			name = Products;
			sourceTree = "<group>";
		};
		66A1C3771CD669DF00268055 /* Adam Testing */ = {
			isa = PBXGroup;
			children = (
				66A1C3781CD669DF00268055 /* AppDelegate.swift */,
				66A1C37A1CD669DF00268055 /* MasterViewController.swift */,
				66A1C37C1CD669DF00268055 /* DetailViewController.swift */,
				66A1C37E1CD669DF00268055 /* Main.storyboard */,
				66A1C3811CD669DF00268055 /* Assets.xcassets */,
				66A1C3831CD669DF00268055 /* LaunchScreen.storyboard */,
				66A1C3861CD669DF00268055 /* Info.plist */,
			);
			path = "Adam Testing";
			sourceTree = "<group>";
		};
		66A1C38E1CD669DF00268055 /* Adam TestingTests */ = {
			isa = PBXGroup;
			children = (
				66A1C38F1CD669DF00268055 /* Adam_TestingTests.swift */,
				66A1C3911CD669DF00268055 /* Info.plist */,
			);
			path = "Adam TestingTests";
			sourceTree = "<group>";
		};
		66A1C3991CD669DF00268055 /* Adam TestingUITests */ = {
			isa = PBXGroup;
			children = (
				66A1C39A1CD669DF00268055 /* Adam_TestingUITests.swift */,
				66A1C39C1CD669DF00268055 /* Info.plist */,
			);
			path = "Adam TestingUITests";
			sourceTree = "<group>";
		};
/* End PBXGroup section */

/* Begin PBXNativeTarget section */
		66A1C3741CD669DF00268055 /* Adam Testing */ = {
			isa = PBXNativeTarget;
			buildConfigurationList = 66A1C39F1CD669DF00268055 /* Build configuration list for PBXNativeTarget "Adam Testing" */;
			buildPhases = (
				66A1C3711CD669DF00268055 /* Sources */,
				66A1C3721CD669DF00268055 /* Frameworks */,
				66A1C3731CD669DF00268055 /* Resources */,
			);
			buildRules = (
			);
			dependencies = (
			);
			name = "Adam Testing";
			productName = "Adam Testing";
			productReference = 66A1C3751CD669DF00268055 /* Adam Testing.app */;
			productType = "com.apple.product-type.application";
		};
		66A1C38A1CD669DF00268055 /* Adam TestingTests */ = {
			isa = PBXNativeTarget;
			buildConfigurationList = 66A1C3A21CD669DF00268055 /* Build configuration list for PBXNativeTarget "Adam TestingTests" */;
			buildPhases = (
				66A1C3871CD669DF00268055 /* Sources */,
				66A1C3881CD669DF00268055 /* Frameworks */,
				66A1C3891CD669DF00268055 /* Resources */,
			);
			buildRules = (
			);
			dependencies = (
				66A1C38D1CD669DF00268055 /* PBXTargetDependency */,
			);
			name = "Adam TestingTests";
			productName = "Adam TestingTests";
			productReference = 66A1C38B1CD669DF00268055 /* Adam TestingTests.xctest */;
			productType = "com.apple.product-type.bundle.unit-test";
		};
		66A1C3951CD669DF00268055 /* Adam TestingUITests */ = {
			isa = PBXNativeTarget;
			buildConfigurationList = 66A1C3A51CD669DF00268055 /* Build configuration list for PBXNativeTarget "Adam TestingUITests" */;
			buildPhases = (
				66A1C3921CD669DF00268055 /* Sources */,
				66A1C3931CD669DF00268055 /* Frameworks */,
				66A1C3941CD669DF00268055 /* Resources */,
			);
			buildRules = (
			);
			dependencies = (
				66A1C3981CD669DF00268055 /* PBXTargetDependency */,
			);
			name = "Adam TestingUITests";
			productName = "Adam TestingUITests";
			productReference = 66A1C3961CD669DF00268055 /* Adam TestingUITests.xctest */;
			productType = "com.apple.product-type.bundle.ui-testing";
		};
/* End PBXNativeTarget section */

/* Begin PBXProject section */
		66A1C36D1CD669DF00268055 /* Project object */ = {
			isa = PBXProject;
			attributes = {
				LastSwiftUpdateCheck = 0730;
				LastUpgradeCheck = 0730;
				ORGANIZATIONNAME = "Adam Mills";
				TargetAttributes = {
					66A1C3741CD669DF00268055 = {
						CreatedOnToolsVersion = 7.3;
					};
					66A1C38A1CD669DF00268055 = {
						CreatedOnToolsVersion = 7.3;
						TestTargetID = 66A1C3741CD669DF00268055;
					};
					66A1C3951CD669DF00268055 = {
						CreatedOnToolsVersion = 7.3;
						TestTargetID = 66A1C3741CD669DF00268055;
					};
				};
			};
			buildConfigurationList = 66A1C3701CD669DF00268055 /* Build configuration list for PBXProject "Adam Testing" */;
			compatibilityVersion = "Xcode 3.2";
			developmentRegion = English;
			hasScannedForEncodings = 0;
			knownRegions = (
				en,
				Base,
			);
			mainGroup = 66A1C36C1CD669DF00268055;
			productRefGroup = 66A1C3761CD669DF00268055 /* Products */;
			projectDirPath = "";
			projectRoot = "";
			targets = (
				66A1C3741CD669DF00268055 /* Adam Testing */,
				66A1C38A1CD669DF00268055 /* Adam TestingTests */,
				66A1C3951CD669DF00268055 /* Adam TestingUITests */,
			);
		};
/* End PBXProject section */

/* Begin PBXResourcesBuildPhase section */
		66A1C3731CD669DF00268055 /* Resources */ = {
			isa = PBXResourcesBuildPhase;
			buildActionMask = 2147483647;
			files = (
				66A1C3851CD669DF00268055 /* LaunchScreen.storyboard in Resources */,
				66A1C3821CD669DF00268055 /* Assets.xcassets in Resources */,
				66A1C3801CD669DF00268055 /* Main.storyboard in Resources */,
			);
			runOnlyForDeploymentPostprocessing = 0;
		};
		66A1C3891CD669DF00268055 /* Resources */ = {
			isa = PBXResourcesBuildPhase;
			buildActionMask = 2147483647;
			files = (
			);
			runOnlyForDeploymentPostprocessing = 0;
		};
		66A1C3941CD669DF00268055 /* Resources */ = {
			isa = PBXResourcesBuildPhase;
			buildActionMask = 2147483647;
			files = (
			);
			runOnlyForDeploymentPostprocessing = 0;
		};
/* End PBXResourcesBuildPhase section */

/* Begin PBXSourcesBuildPhase section */
		66A1C3711CD669DF00268055 /* Sources */ = {
			isa = PBXSourcesBuildPhase;
			buildActionMask = 2147483647;
			files = (
				66A1C37D1CD669DF00268055 /* DetailViewController.swift in Sources */,
				66A1C37B1CD669DF00268055 /* MasterViewController.swift in Sources */,
				66A1C3791CD669DF00268055 /* AppDelegate.swift in Sources */,
			);
			runOnlyForDeploymentPostprocessing = 0;
		};
		66A1C3871CD669DF00268055 /* Sources */ = {
			isa = PBXSourcesBuildPhase;
			buildActionMask = 2147483647;
			files = (
				66A1C3901CD669DF00268055 /* Adam_TestingTests.swift in Sources */,
			);
			runOnlyForDeploymentPostprocessing = 0;
		};
		66A1C3921CD669DF00268055 /* Sources */ = {
			isa = PBXSourcesBuildPhase;
			buildActionMask = 2147483647;
			files = (
				66A1C39B1CD669DF00268055 /* Adam_TestingUITests.swift in Sources */,
			);
			runOnlyForDeploymentPostprocessing = 0;
		};
/* End PBXSourcesBuildPhase section */

/* Begin PBXTargetDependency section */
		66A1C38D1CD669DF00268055 /* PBXTargetDependency */ = {
			isa = PBXTargetDependency;
			target = 66A1C3741CD669DF00268055 /* Adam Testing */;
			targetProxy = 66A1C38C1CD669DF00268055 /* PBXContainerItemProxy */;
		};
		66A1C3981CD669DF00268055 /* PBXTargetDependency */ = {
			isa = PBXTargetDependency;
			target = 66A1C3741CD669DF00268055 /* Adam Testing */;
			targetProxy = 66A1C3971CD669DF00268055 /* PBXContainerItemProxy */;
		};
/* End PBXTargetDependency section */

/* Begin PBXVariantGroup section */
		66A1C37E1CD669DF00268055 /* Main.storyboard */ = {
			isa = PBXVariantGroup;
			children = (
				66A1C37F1CD669DF00268055 /* Base */,
			);
			name = Main.storyboard;
			sourceTree = "<group>";
		};
		66A1C3831CD669DF00268055 /* LaunchScreen.storyboard */ = {
			isa = PBXVariantGroup;
			children = (
				66A1C3841CD669DF00268055 /* Base */,
			);
			name = LaunchScreen.storyboard;
			sourceTree = "<group>";
		};
/* End PBXVariantGroup section */

/* Begin XCBuildConfiguration section */
		66A1C39D1CD669DF00268055 /* Debug */ = {
			isa = XCBuildConfiguration;
			buildSettings = {
				ALWAYS_SEARCH_USER_PATHS = NO;
				CLANG_ANALYZER_NONNULL = YES;
				CLANG_CXX_LANGUAGE_STANDARD = "gnu++0x";
				CLANG_CXX_LIBRARY = "libc++";
				CLANG_ENABLE_MODULES = YES;
				CLANG_ENABLE_OBJC_ARC = YES;
				CLANG_WARN_BOOL_CONVERSION = YES;
				CLANG_WARN_CONSTANT_CONVERSION = YES;
				CLANG_WARN_DIRECT_OBJC_ISA_USAGE = YES_ERROR;
				CLANG_WARN_EMPTY_BODY = YES;
				CLANG_WARN_ENUM_CONVERSION = YES;
				CLANG_WARN_INT_CONVERSION = YES;
				CLANG_WARN_OBJC_ROOT_CLASS = YES_ERROR;
				CLANG_WARN_UNREACHABLE_CODE = YES;
				CLANG_WARN__DUPLICATE_METHOD_MATCH = YES;
				"CODE_SIGN_IDENTITY[sdk=iphoneos*]" = "iPhone Developer";
				COPY_PHASE_STRIP = NO;
				DEBUG_INFORMATION_FORMAT = dwarf;
				ENABLE_STRICT_OBJC_MSGSEND = YES;
				ENABLE_TESTABILITY = YES;
				GCC_C_LANGUAGE_STANDARD = gnu99;
				GCC_DYNAMIC_NO_PIC = NO;
				GCC_NO_COMMON_BLOCKS = YES;
				GCC_OPTIMIZATION_LEVEL = 0;
				GCC_PREPROCESSOR_DEFINITIONS = (
					"DEBUG=1",
					"$(inherited)",
				);
				GCC_WARN_64_TO_32_BIT_CONVERSION = YES;
				GCC_WARN_ABOUT_RETURN_TYPE = YES_ERROR;
				GCC_WARN_UNDECLARED_SELECTOR = YES;
				GCC_WARN_UNINITIALIZED_AUTOS = YES_AGGRESSIVE;
				GCC_WARN_UNUSED_FUNCTION = YES;
				GCC_WARN_UNUSED_VARIABLE = YES;
				IPHONEOS_DEPLOYMENT_TARGET = 9.3;
				MTL_ENABLE_DEBUG_INFO = YES;
				ONLY_ACTIVE_ARCH = YES;
				SDKROOT = iphoneos;
				SWIFT_OPTIMIZATION_LEVEL = "-Onone";
			};
			name = Debug;
		};
		66A1C39E1CD669DF00268055 /* Release */ = {
			isa = XCBuildConfiguration;
			buildSettings = {
				ALWAYS_SEARCH_USER_PATHS = NO;
				CLANG_ANALYZER_NONNULL = YES;
				CLANG_CXX_LANGUAGE_STANDARD = "gnu++0x";
				CLANG_CXX_LIBRARY = "libc++";
				CLANG_ENABLE_MODULES = YES;
				CLANG_ENABLE_OBJC_ARC = YES;
				CLANG_WARN_BOOL_CONVERSION = YES;
				CLANG_WARN_CONSTANT_CONVERSION = YES;
				CLANG_WARN_DIRECT_OBJC_ISA_USAGE = YES_ERROR;
				CLANG_WARN_EMPTY_BODY = YES;
				CLANG_WARN_ENUM_CONVERSION = YES;
				CLANG_WARN_INT_CONVERSION = YES;
				CLANG_WARN_OBJC_ROOT_CLASS = YES_ERROR;
				CLANG_WARN_UNREACHABLE_CODE = YES;
				CLANG_WARN__DUPLICATE_METHOD_MATCH = YES;
				"CODE_SIGN_IDENTITY[sdk=iphoneos*]" = "iPhone Developer";
				COPY_PHASE_STRIP = NO;
				DEBUG_INFORMATION_FORMAT = "dwarf-with-dsym";
				ENABLE_NS_ASSERTIONS = NO;
				ENABLE_STRICT_OBJC_MSGSEND = YES;
				GCC_C_LANGUAGE_STANDARD = gnu99;
				GCC_NO_COMMON_BLOCKS = YES;
				GCC_WARN_64_TO_32_BIT_CONVERSION = YES;
				GCC_WARN_ABOUT_RETURN_TYPE = YES_ERROR;
				GCC_WARN_UNDECLARED_SELECTOR = YES;
				GCC_WARN_UNINITIALIZED_AUTOS = YES_AGGRESSIVE;
				GCC_WARN_UNUSED_FUNCTION = YES;
				GCC_WARN_UNUSED_VARIABLE = YES;
				IPHONEOS_DEPLOYMENT_TARGET = 9.3;
				MTL_ENABLE_DEBUG_INFO = NO;
				SDKROOT = iphoneos;
				VALIDATE_PRODUCT = YES;
			};
			name = Release;
		};
		66A1C3A01CD669DF00268055 /* Debug */ = {
			isa = XCBuildConfiguration;
			buildSettings = {
				ASSETCATALOG_COMPILER_APPICON_NAME = AppIcon;
				INFOPLIST_FILE = "Adam Testing/Info.plist";
				LD_RUNPATH_SEARCH_PATHS = "$(inherited) @executable_path/Frameworks";
				PRODUCT_BUNDLE_IDENTIFIER = "Adam-Industries.Adam-Testing";
				PRODUCT_NAME = "$(TARGET_NAME)";
			};
			name = Debug;
		};
		66A1C3A11CD669DF00268055 /* Release */ = {
			isa = XCBuildConfiguration;
			buildSettings = {
				ASSETCATALOG_COMPILER_APPICON_NAME = AppIcon;
				INFOPLIST_FILE = "Adam Testing/Info.plist";
				LD_RUNPATH_SEARCH_PATHS = "$(inherited) @executable_path/Frameworks";
				PRODUCT_BUNDLE_IDENTIFIER = "Adam-Industries.Adam-Testing";
				PRODUCT_NAME = "$(TARGET_NAME)";
			};
			name = Release;
		};
		66A1C3A31CD669DF00268055 /* Debug */ = {
			isa = XCBuildConfiguration;
			buildSettings = {
				BUNDLE_LOADER = "$(TEST_HOST)";
				INFOPLIST_FILE = "Adam TestingTests/Info.plist";
				LD_RUNPATH_SEARCH_PATHS = "$(inherited) @executable_path/Frameworks @loader_path/Frameworks";
				PRODUCT_BUNDLE_IDENTIFIER = "Adam-Industries.Adam-TestingTests";
				PRODUCT_NAME = "$(TARGET_NAME)";
				TEST_HOST = "$(BUILT_PRODUCTS_DIR)/Adam Testing.app/Adam Testing";
			};
			name = Debug;
		};
		66A1C3A41CD669DF00268055 /* Release */ = {
			isa = XCBuildConfiguration;
			buildSettings = {
				BUNDLE_LOADER = "$(TEST_HOST)";
				INFOPLIST_FILE = "Adam TestingTests/Info.plist";
				LD_RUNPATH_SEARCH_PATHS = "$(inherited) @executable_path/Frameworks @loader_path/Frameworks";
				PRODUCT_BUNDLE_IDENTIFIER = "Adam-Industries.Adam-TestingTests";
				PRODUCT_NAME = "$(TARGET_NAME)";
				TEST_HOST = "$(BUILT_PRODUCTS_DIR)/Adam Testing.app/Adam Testing";
			};
			name = Release;
		};
		66A1C3A61CD669DF00268055 /* Debug */ = {
			isa = XCBuildConfiguration;
			buildSettings = {
				INFOPLIST_FILE = "Adam TestingUITests/Info.plist";
				LD_RUNPATH_SEARCH_PATHS = "$(inherited) @executable_path/Frameworks @loader_path/Frameworks";
				PRODUCT_BUNDLE_IDENTIFIER = "Adam-Industries.Adam-TestingUITests";
				PRODUCT_NAME = "$(TARGET_NAME)";
				TEST_TARGET_NAME = "Adam Testing";
			};
			name = Debug;
		};
		66A1C3A71CD669DF00268055 /* Release */ = {
			isa = XCBuildConfiguration;
			buildSettings = {
				INFOPLIST_FILE = "Adam TestingUITests/Info.plist";
				LD_RUNPATH_SEARCH_PATHS = "$(inherited) @executable_path/Frameworks @loader_path/Frameworks";
				PRODUCT_BUNDLE_IDENTIFIER = "Adam-Industries.Adam-TestingUITests";
				PRODUCT_NAME = "$(TARGET_NAME)";
				TEST_TARGET_NAME = "Adam Testing";
			};
			name = Release;
		};
/* End XCBuildConfiguration section */

/* Begin XCConfigurationList section */
		66A1C3701CD669DF00268055 /* Build configuration list for PBXProject "Adam Testing" */ = {
			isa = XCConfigurationList;
			buildConfigurations = (
				66A1C39D1CD669DF00268055 /* Debug */,
				66A1C39E1CD669DF00268055 /* Release */,
			);
			defaultConfigurationIsVisible = 0;
			defaultConfigurationName = Release;
		};
		66A1C39F1CD669DF00268055 /* Build configuration list for PBXNativeTarget "Adam Testing" */ = {
			isa = XCConfigurationList;
			buildConfigurations = (
				66A1C3A01CD669DF00268055 /* Debug */,
				66A1C3A11CD669DF00268055 /* Release */,
			);
			defaultConfigurationIsVisible = 0;
		};
		66A1C3A21CD669DF00268055 /* Build configuration list for PBXNativeTarget "Adam TestingTests" */ = {
			isa = XCConfigurationList;
			buildConfigurations = (
				66A1C3A31CD669DF00268055 /* Debug */,
				66A1C3A41CD669DF00268055 /* Release */,
			);
			defaultConfigurationIsVisible = 0;
		};
		66A1C3A51CD669DF00268055 /* Build configuration list for PBXNativeTarget "Adam TestingUITests" */ = {
			isa = XCConfigurationList;
			buildConfigurations = (
				66A1C3A61CD669DF00268055 /* Debug */,
				66A1C3A71CD669DF00268055 /* Release */,
			);
			defaultConfigurationIsVisible = 0;
		};
/* End XCConfigurationList section */
	};
	rootObject = 66A1C36D1CD669DF00268055 /* Project object */;
}
